
Microsoft Visual Studio Solution File, Format Version 12.00
# Visual Studio 15
Project("{FAE04EC0-301F-11D3-BF4B-00C04F79EFBC}") = "Assembly-CSharp-Editor", "Assembly-CSharp-Editor.csproj", "{BFF04963-4BAF-C288-7B9E-4F4D535F030B}"
EndProject
Project("{FAE04EC0-301F-11D3-BF4B-00C04F79EFBC}") = "Assembly-CSharp", "Assembly-CSharp.csproj", "{871D7052-ACFD-8140-FFF8-543E39E0A0B1}"
EndProject
Global
	GlobalSection(SolutionConfigurationPlatforms) = preSolution
		Debug|Any CPU = Debug|Any CPU
		Release|Any CPU = Release|Any CPU
	EndGlobalSection
	GlobalSection(ProjectConfigurationPlatforms) = postSolution
		{BFF04963-4BAF-C288-7B9E-4F4D535F030B}.Debug|Any CPU.ActiveCfg = Debug|Any CPU
		{BFF04963-4BAF-C288-7B9E-4F4D535F030B}.Debug|Any CPU.Build.0 = Debug|Any CPU
		{BFF04963-4BAF-C288-7B9E-4F4D535F030B}.Release|Any CPU.ActiveCfg = Release|Any CPU
		{BFF04963-4BAF-C288-7B9E-4F4D535F030B}.Release|Any CPU.Build.0 = Release|Any CPU
		{871D7052-ACFD-8140-FFF8-543E39E0A0B1}.Debug|Any CPU.ActiveCfg = Debug|Any CPU
		{871D7052-ACFD-8140-FFF8-543E39E0A0B1}.Debug|Any CPU.Build.0 = Debug|Any CPU
		{871D7052-ACFD-8140-FFF8-543E39E0A0B1}.Release|Any CPU.ActiveCfg = Release|Any CPU
		{871D7052-ACFD-8140-FFF8-543E39E0A0B1}.Release|Any CPU.Build.0 = Release|Any CPU
	EndGlobalSection
	GlobalSection(SolutionProperties) = preSolution
		HideSolutionNode = FALSE
	EndGlobalSection
EndGlobal
